
Microsoft Visual Studio Solution File, Format Version 12.00
# Visual Studio 15
VisualStudioVersion = 15.0.27004.2010
MinimumVisualStudioVersion = 10.0.40219.1
Project("{FAE04EC0-301F-11D3-BF4B-00C04F79EFBC}") = "KinoReservierung", "KinoReservierung\KinoReservierung.csproj", "{C5641013-382C-4C94-B601-71C2E2DAA118}"
EndProject
Global
	GlobalSection(SolutionConfigurationPlatforms) = preSolution
		Debug|Any CPU = Debug|Any CPU
		Release|Any CPU = Release|Any CPU
	EndGlobalSection
	GlobalSection(ProjectConfigurationPlatforms) = postSolution
		{C5641013-382C-4C94-B601-71C2E2DAA118}.Debug|Any CPU.ActiveCfg = Debug|Any CPU
		{C5641013-382C-4C94-B601-71C2E2DAA118}.Debug|Any CPU.Build.0 = Debug|Any CPU
		{C5641013-382C-4C94-B601-71C2E2DAA118}.Release|Any CPU.ActiveCfg = Release|Any CPU
		{C5641013-382C-4C94-B601-71C2E2DAA118}.Release|Any CPU.Build.0 = Release|Any CPU
	EndGlobalSection
	GlobalSection(SolutionProperties) = preSolution
		HideSolutionNode = FALSE
	EndGlobalSection
	GlobalSection(ExtensibilityGlobals) = postSolution
		SolutionGuid = {44E5EBEB-C462-44C0-B223-EB3667397A3A}
	EndGlobalSection
EndGlobal
